// !$*UTF8*$!
{
	archiveVersion = 1;
	classes = {
	};
	objectVersion = 56;
	objects = {

/* Begin PBXBuildFile section */
		3E54D5DD2B300C8300027155 /* NewsDetailView.swift in Sources */ = {isa = PBXBuildFile; fileRef = 3E54D5DC2B300C8300027155 /* NewsDetailView.swift */; };
		3E54D5DF2B300D0E00027155 /* news-header.png in Resources */ = {isa = PBXBuildFile; fileRef = 3E54D5DE2B300D0E00027155 /* news-header.png */; };
		3E54D5E12B307EAD00027155 /* CustomSearchBar.swift in Sources */ = {isa = PBXBuildFile; fileRef = 3E54D5E02B307EAD00027155 /* CustomSearchBar.swift */; };
		3E54D5E42B3161BA00027155 /* SignupView.swift in Sources */ = {isa = PBXBuildFile; fileRef = 3E54D5E32B3161BA00027155 /* SignupView.swift */; };
		3E54D5E92B31625800027155 /* InputFieldComponent.swift in Sources */ = {isa = PBXBuildFile; fileRef = 3E54D5E82B31625800027155 /* InputFieldComponent.swift */; };
		3E54D5ED2B316F5900027155 /* PrimaryButtonComponent.swift in Sources */ = {isa = PBXBuildFile; fileRef = 3E54D5EC2B316F5900027155 /* PrimaryButtonComponent.swift */; };
		3E54D5F02B31747600027155 /* NewsModel.swift in Sources */ = {isa = PBXBuildFile; fileRef = 3E54D5EF2B31747600027155 /* NewsModel.swift */; };
		3E54D5F32B31764200027155 /* NewsViewModel.swift in Sources */ = {isa = PBXBuildFile; fileRef = 3E54D5F22B31764200027155 /* NewsViewModel.swift */; };
		3E54D5F92B32A81B00027155 /* SkeletonComponent.swift in Sources */ = {isa = PBXBuildFile; fileRef = 3E54D5F82B32A81A00027155 /* SkeletonComponent.swift */; };
		3E54D5FD2B32BABC00027155 /* DetailPost.swift in Sources */ = {isa = PBXBuildFile; fileRef = 3E54D5FC2B32BABC00027155 /* DetailPost.swift */; };
		3E54D6062B333E6100027155 /* Network.swift in Sources */ = {isa = PBXBuildFile; fileRef = 3E54D6052B333E6100027155 /* Network.swift */; };
		3E5FBF902B2D791A003FE4DA /* OnboardingView.swift in Sources */ = {isa = PBXBuildFile; fileRef = 3E5FBF8F2B2D7919003FE4DA /* OnboardingView.swift */; };
		3E5FBF942B2D8E10003FE4DA /* test-launch-screen.storyboard in Resources */ = {isa = PBXBuildFile; fileRef = 3E5FBF932B2D8E10003FE4DA /* test-launch-screen.storyboard */; };
		3E5FBF982B2F173B003FE4DA /* UserProfileComponent.swift in Sources */ = {isa = PBXBuildFile; fileRef = 3E5FBF972B2F173B003FE4DA /* UserProfileComponent.swift */; };
		3E5FBF9A2B2F19E0003FE4DA /* ProfileListComponent.swift in Sources */ = {isa = PBXBuildFile; fileRef = 3E5FBF992B2F19E0003FE4DA /* ProfileListComponent.swift */; };
		3E5FBF9C2B2F1CC2003FE4DA /* NotificationView.swift in Sources */ = {isa = PBXBuildFile; fileRef = 3E5FBF9B2B2F1CC2003FE4DA /* NotificationView.swift */; };
		3E5FBF9E2B2F1CCB003FE4DA /* SignoutView.swift in Sources */ = {isa = PBXBuildFile; fileRef = 3E5FBF9D2B2F1CCB003FE4DA /* SignoutView.swift */; };
		3E5FBFA02B2F1EBA003FE4DA /* ChangePasswordView.swift in Sources */ = {isa = PBXBuildFile; fileRef = 3E5FBF9F2B2F1EBA003FE4DA /* ChangePasswordView.swift */; };
		3E5FBFA32B2F1FF1003FE4DA /* LoginView.swift in Sources */ = {isa = PBXBuildFile; fileRef = 3E5FBFA22B2F1FF1003FE4DA /* LoginView.swift */; };
		3E78529E2B2B497C00E4E935 /* news_appApp.swift in Sources */ = {isa = PBXBuildFile; fileRef = 3E78529D2B2B497C00E4E935 /* news_appApp.swift */; };
		3E7852A02B2B497C00E4E935 /* ContentView.swift in Sources */ = {isa = PBXBuildFile; fileRef = 3E78529F2B2B497C00E4E935 /* ContentView.swift */; };
		3E7852A22B2B497D00E4E935 /* Assets.xcassets in Resources */ = {isa = PBXBuildFile; fileRef = 3E7852A12B2B497D00E4E935 /* Assets.xcassets */; };
		3E7852A52B2B497D00E4E935 /* Preview Assets.xcassets in Resources */ = {isa = PBXBuildFile; fileRef = 3E7852A42B2B497D00E4E935 /* Preview Assets.xcassets */; };
		3E7852AC2B2B4F3A00E4E935 /* MainView.swift in Sources */ = {isa = PBXBuildFile; fileRef = 3E7852AB2B2B4F3A00E4E935 /* MainView.swift */; };
		3E7852AF2B2B50EC00E4E935 /* HomeView.swift in Sources */ = {isa = PBXBuildFile; fileRef = 3E7852AE2B2B50EC00E4E935 /* HomeView.swift */; };
		3E7852B12B2B551700E4E935 /* ProfileView.swift in Sources */ = {isa = PBXBuildFile; fileRef = 3E7852B02B2B551700E4E935 /* ProfileView.swift */; };
		3E7852B52B2B5B2700E4E935 /* ExploreView.swift in Sources */ = {isa = PBXBuildFile; fileRef = 3E7852B42B2B5B2700E4E935 /* ExploreView.swift */; };
		3E7852B72B2B5B2F00E4E935 /* BookmarkView.swift in Sources */ = {isa = PBXBuildFile; fileRef = 3E7852B62B2B5B2F00E4E935 /* BookmarkView.swift */; };
		3E7852BC2B2C7F5500E4E935 /* NewsBigCard.swift in Sources */ = {isa = PBXBuildFile; fileRef = 3E7852BB2B2C7F5500E4E935 /* NewsBigCard.swift */; };
		3E7852BE2B2C878E00E4E935 /* NewsSmallCard.swift in Sources */ = {isa = PBXBuildFile; fileRef = 3E7852BD2B2C878E00E4E935 /* NewsSmallCard.swift */; };
		3E7852C12B2CA26E00E4E935 /* VerificationView.swift in Sources */ = {isa = PBXBuildFile; fileRef = 3E7852C02B2CA26E00E4E935 /* VerificationView.swift */; };
		3E7852C42B2CA39500E4E935 /* SwiftUIView.swift in Sources */ = {isa = PBXBuildFile; fileRef = 3E7852C32B2CA39500E4E935 /* SwiftUIView.swift */; };
		3E7852C62B2D61DE00E4E935 /* NewsTag.swift in Sources */ = {isa = PBXBuildFile; fileRef = 3E7852C52B2D61DE00E4E935 /* NewsTag.swift */; };
/* End PBXBuildFile section */

/* Begin PBXFileReference section */
		3E54D5DC2B300C8300027155 /* NewsDetailView.swift */ = {isa = PBXFileReference; lastKnownFileType = sourcecode.swift; path = NewsDetailView.swift; sourceTree = "<group>"; };
		3E54D5DE2B300D0E00027155 /* news-header.png */ = {isa = PBXFileReference; lastKnownFileType = image.png; path = "news-header.png"; sourceTree = "<group>"; };
		3E54D5E02B307EAD00027155 /* CustomSearchBar.swift */ = {isa = PBXFileReference; lastKnownFileType = sourcecode.swift; path = CustomSearchBar.swift; sourceTree = "<group>"; };
		3E54D5E32B3161BA00027155 /* SignupView.swift */ = {isa = PBXFileReference; lastKnownFileType = sourcecode.swift; path = SignupView.swift; sourceTree = "<group>"; };
		3E54D5E82B31625800027155 /* InputFieldComponent.swift */ = {isa = PBXFileReference; lastKnownFileType = sourcecode.swift; path = InputFieldComponent.swift; sourceTree = "<group>"; };
		3E54D5EC2B316F5900027155 /* PrimaryButtonComponent.swift */ = {isa = PBXFileReference; lastKnownFileType = sourcecode.swift; path = PrimaryButtonComponent.swift; sourceTree = "<group>"; };
		3E54D5EF2B31747600027155 /* NewsModel.swift */ = {isa = PBXFileReference; lastKnownFileType = sourcecode.swift; path = NewsModel.swift; sourceTree = "<group>"; };
		3E54D5F22B31764200027155 /* NewsViewModel.swift */ = {isa = PBXFileReference; lastKnownFileType = sourcecode.swift; path = NewsViewModel.swift; sourceTree = "<group>"; };
		3E54D5F82B32A81A00027155 /* SkeletonComponent.swift */ = {isa = PBXFileReference; lastKnownFileType = sourcecode.swift; path = SkeletonComponent.swift; sourceTree = "<group>"; };
		3E54D5FC2B32BABC00027155 /* DetailPost.swift */ = {isa = PBXFileReference; lastKnownFileType = sourcecode.swift; path = DetailPost.swift; sourceTree = "<group>"; };
		3E54D6052B333E6100027155 /* Network.swift */ = {isa = PBXFileReference; lastKnownFileType = sourcecode.swift; path = Network.swift; sourceTree = "<group>"; };
		3E5FBF8F2B2D7919003FE4DA /* OnboardingView.swift */ = {isa = PBXFileReference; lastKnownFileType = sourcecode.swift; path = OnboardingView.swift; sourceTree = "<group>"; };
		3E5FBF932B2D8E10003FE4DA /* test-launch-screen.storyboard */ = {isa = PBXFileReference; lastKnownFileType = file.storyboard; path = "test-launch-screen.storyboard"; sourceTree = "<group>"; };
		3E5FBF972B2F173B003FE4DA /* UserProfileComponent.swift */ = {isa = PBXFileReference; lastKnownFileType = sourcecode.swift; path = UserProfileComponent.swift; sourceTree = "<group>"; };
		3E5FBF992B2F19E0003FE4DA /* ProfileListComponent.swift */ = {isa = PBXFileReference; lastKnownFileType = sourcecode.swift; path = ProfileListComponent.swift; sourceTree = "<group>"; };
		3E5FBF9B2B2F1CC2003FE4DA /* NotificationView.swift */ = {isa = PBXFileReference; lastKnownFileType = sourcecode.swift; path = NotificationView.swift; sourceTree = "<group>"; };
		3E5FBF9D2B2F1CCB003FE4DA /* SignoutView.swift */ = {isa = PBXFileReference; lastKnownFileType = sourcecode.swift; path = SignoutView.swift; sourceTree = "<group>"; };
		3E5FBF9F2B2F1EBA003FE4DA /* ChangePasswordView.swift */ = {isa = PBXFileReference; lastKnownFileType = sourcecode.swift; path = ChangePasswordView.swift; sourceTree = "<group>"; };
		3E5FBFA22B2F1FF1003FE4DA /* LoginView.swift */ = {isa = PBXFileReference; lastKnownFileType = sourcecode.swift; path = LoginView.swift; sourceTree = "<group>"; };
		3E78529A2B2B497C00E4E935 /* news-app.app */ = {isa = PBXFileReference; explicitFileType = wrapper.application; includeInIndex = 0; path = "news-app.app"; sourceTree = BUILT_PRODUCTS_DIR; };
		3E78529D2B2B497C00E4E935 /* news_appApp.swift */ = {isa = PBXFileReference; lastKnownFileType = sourcecode.swift; path = news_appApp.swift; sourceTree = "<group>"; };
		3E78529F2B2B497C00E4E935 /* ContentView.swift */ = {isa = PBXFileReference; lastKnownFileType = sourcecode.swift; path = ContentView.swift; sourceTree = "<group>"; };
		3E7852A12B2B497D00E4E935 /* Assets.xcassets */ = {isa = PBXFileReference; lastKnownFileType = folder.assetcatalog; path = Assets.xcassets; sourceTree = "<group>"; };
		3E7852A42B2B497D00E4E935 /* Preview Assets.xcassets */ = {isa = PBXFileReference; lastKnownFileType = folder.assetcatalog; path = "Preview Assets.xcassets"; sourceTree = "<group>"; };
		3E7852AB2B2B4F3A00E4E935 /* MainView.swift */ = {isa = PBXFileReference; lastKnownFileType = sourcecode.swift; path = MainView.swift; sourceTree = "<group>"; };
		3E7852AE2B2B50EC00E4E935 /* HomeView.swift */ = {isa = PBXFileReference; lastKnownFileType = sourcecode.swift; path = HomeView.swift; sourceTree = "<group>"; };
		3E7852B02B2B551700E4E935 /* ProfileView.swift */ = {isa = PBXFileReference; lastKnownFileType = sourcecode.swift; path = ProfileView.swift; sourceTree = "<group>"; };
		3E7852B42B2B5B2700E4E935 /* ExploreView.swift */ = {isa = PBXFileReference; lastKnownFileType = sourcecode.swift; path = ExploreView.swift; sourceTree = "<group>"; };
		3E7852B62B2B5B2F00E4E935 /* BookmarkView.swift */ = {isa = PBXFileReference; lastKnownFileType = sourcecode.swift; path = BookmarkView.swift; sourceTree = "<group>"; };
		3E7852BB2B2C7F5500E4E935 /* NewsBigCard.swift */ = {isa = PBXFileReference; lastKnownFileType = sourcecode.swift; path = NewsBigCard.swift; sourceTree = "<group>"; };
		3E7852BD2B2C878E00E4E935 /* NewsSmallCard.swift */ = {isa = PBXFileReference; lastKnownFileType = sourcecode.swift; path = NewsSmallCard.swift; sourceTree = "<group>"; };
		3E7852C02B2CA26E00E4E935 /* VerificationView.swift */ = {isa = PBXFileReference; lastKnownFileType = sourcecode.swift; path = VerificationView.swift; sourceTree = "<group>"; };
		3E7852C32B2CA39500E4E935 /* SwiftUIView.swift */ = {isa = PBXFileReference; lastKnownFileType = sourcecode.swift; path = SwiftUIView.swift; sourceTree = "<group>"; };
		3E7852C52B2D61DE00E4E935 /* NewsTag.swift */ = {isa = PBXFileReference; lastKnownFileType = sourcecode.swift; path = NewsTag.swift; sourceTree = "<group>"; };
/* End PBXFileReference section */

/* Begin PBXFrameworksBuildPhase section */
		3E7852972B2B497C00E4E935 /* Frameworks */ = {
			isa = PBXFrameworksBuildPhase;
			buildActionMask = 2147483647;
			files = (
			);
			runOnlyForDeploymentPostprocessing = 0;
		};
/* End PBXFrameworksBuildPhase section */

/* Begin PBXGroup section */
		3E54D5E22B3161A000027155 /* Signup */ = {
			isa = PBXGroup;
			children = (
				3E54D5E32B3161BA00027155 /* SignupView.swift */,
			);
			path = Signup;
			sourceTree = "<group>";
		};
		3E54D5E52B31622700027155 /* Core */ = {
			isa = PBXGroup;
			children = (
				3E54D5E62B31622C00027155 /* Component */,
			);
			path = Core;
			sourceTree = "<group>";
		};
		3E54D5E62B31622C00027155 /* Component */ = {
			isa = PBXGroup;
			children = (
				3E54D5E82B31625800027155 /* InputFieldComponent.swift */,
				3E54D5EC2B316F5900027155 /* PrimaryButtonComponent.swift */,
				3E54D5F82B32A81A00027155 /* SkeletonComponent.swift */,
			);
			path = Component;
			sourceTree = "<group>";
		};
		3E54D5EE2B31746900027155 /* Model */ = {
			isa = PBXGroup;
			children = (
				3E54D5EF2B31747600027155 /* NewsModel.swift */,
				3E54D5FC2B32BABC00027155 /* DetailPost.swift */,
			);
			path = Model;
			sourceTree = "<group>";
		};
		3E54D5F12B31762D00027155 /* ViewModel */ = {
			isa = PBXGroup;
			children = (
				3E54D5F22B31764200027155 /* NewsViewModel.swift */,
			);
			path = ViewModel;
			sourceTree = "<group>";
		};
		3E54D6042B333E5300027155 /* Services */ = {
			isa = PBXGroup;
			children = (
				3E54D6052B333E6100027155 /* Network.swift */,
			);
			path = Services;
			sourceTree = "<group>";
		};
		3E5FBF952B2F1710003FE4DA /* Profile */ = {
			isa = PBXGroup;
			children = (
				3E5FBF962B2F1722003FE4DA /* Components */,
				3E7852B02B2B551700E4E935 /* ProfileView.swift */,
			);
			path = Profile;
			sourceTree = "<group>";
		};
		3E5FBF962B2F1722003FE4DA /* Components */ = {
			isa = PBXGroup;
			children = (
				3E5FBF972B2F173B003FE4DA /* UserProfileComponent.swift */,
				3E5FBF992B2F19E0003FE4DA /* ProfileListComponent.swift */,
			);
			path = Components;
			sourceTree = "<group>";
		};
		3E5FBFA12B2F1FE8003FE4DA /* Login */ = {
			isa = PBXGroup;
			children = (
				3E5FBFA42B2F1FF4003FE4DA /* Component */,
				3E5FBFA22B2F1FF1003FE4DA /* LoginView.swift */,
			);
			path = Login;
			sourceTree = "<group>";
		};
		3E5FBFA42B2F1FF4003FE4DA /* Component */ = {
			isa = PBXGroup;
			children = (
			);
			path = Component;
			sourceTree = "<group>";
		};
		3E7852912B2B497C00E4E935 = {
			isa = PBXGroup;
			children = (
				3E78529C2B2B497C00E4E935 /* news-app */,
				3E78529B2B2B497C00E4E935 /* Products */,
			);
			sourceTree = "<group>";
		};
		3E78529B2B2B497C00E4E935 /* Products */ = {
			isa = PBXGroup;
			children = (
				3E78529A2B2B497C00E4E935 /* news-app.app */,
			);
			name = Products;
			sourceTree = "<group>";
		};
		3E78529C2B2B497C00E4E935 /* news-app */ = {
			isa = PBXGroup;
			children = (
				3E54D6042B333E5300027155 /* Services */,
				3E54D5F12B31762D00027155 /* ViewModel */,
				3E54D5EE2B31746900027155 /* Model */,
				3E54D5E52B31622700027155 /* Core */,
				3E7852AD2B2B50D300E4E935 /* Views */,
				3E78529D2B2B497C00E4E935 /* news_appApp.swift */,
				3E7852AB2B2B4F3A00E4E935 /* MainView.swift */,
				3E78529F2B2B497C00E4E935 /* ContentView.swift */,
				3E7852A12B2B497D00E4E935 /* Assets.xcassets */,
				3E54D5DE2B300D0E00027155 /* news-header.png */,
				3E5FBF932B2D8E10003FE4DA /* test-launch-screen.storyboard */,
				3E7852A32B2B497D00E4E935 /* Preview Content */,
			);
			path = "news-app";
			sourceTree = "<group>";
		};
		3E7852A32B2B497D00E4E935 /* Preview Content */ = {
			isa = PBXGroup;
			children = (
				3E7852A42B2B497D00E4E935 /* Preview Assets.xcassets */,
			);
			path = "Preview Content";
			sourceTree = "<group>";
		};
		3E7852AD2B2B50D300E4E935 /* Views */ = {
			isa = PBXGroup;
			children = (
				3E54D5E22B3161A000027155 /* Signup */,
				3E5FBFA12B2F1FE8003FE4DA /* Login */,
				3E7852BF2B2CA25000E4E935 /* OTPViews */,
				3E7852B82B2C7EFD00E4E935 /* Home */,
				3E5FBF952B2F1710003FE4DA /* Profile */,
				3E7852B42B2B5B2700E4E935 /* ExploreView.swift */,
				3E7852B62B2B5B2F00E4E935 /* BookmarkView.swift */,
				3E5FBF8F2B2D7919003FE4DA /* OnboardingView.swift */,
				3E5FBF9F2B2F1EBA003FE4DA /* ChangePasswordView.swift */,
				3E5FBF9B2B2F1CC2003FE4DA /* NotificationView.swift */,
				3E5FBF9D2B2F1CCB003FE4DA /* SignoutView.swift */,
				3E54D5DC2B300C8300027155 /* NewsDetailView.swift */,
			);
			path = Views;
			sourceTree = "<group>";
		};
		3E7852B82B2C7EFD00E4E935 /* Home */ = {
			isa = PBXGroup;
			children = (
				3E7852B92B2C7F1700E4E935 /* components */,
				3E7852AE2B2B50EC00E4E935 /* HomeView.swift */,
			);
			path = Home;
			sourceTree = "<group>";
		};
		3E7852B92B2C7F1700E4E935 /* components */ = {
			isa = PBXGroup;
			children = (
				3E7852BB2B2C7F5500E4E935 /* NewsBigCard.swift */,
				3E7852BD2B2C878E00E4E935 /* NewsSmallCard.swift */,
				3E7852C52B2D61DE00E4E935 /* NewsTag.swift */,
				3E54D5E02B307EAD00027155 /* CustomSearchBar.swift */,
			);
			path = components;
			sourceTree = "<group>";
		};
		3E7852BF2B2CA25000E4E935 /* OTPViews */ = {
			isa = PBXGroup;
			children = (
				3E7852C22B2CA38B00E4E935 /* Components */,
				3E7852C02B2CA26E00E4E935 /* VerificationView.swift */,
			);
			path = OTPViews;
			sourceTree = "<group>";
		};
		3E7852C22B2CA38B00E4E935 /* Components */ = {
			isa = PBXGroup;
			children = (
				3E7852C32B2CA39500E4E935 /* SwiftUIView.swift */,
			);
			path = Components;
			sourceTree = "<group>";
		};
/* End PBXGroup section */

/* Begin PBXNativeTarget section */
		3E7852992B2B497C00E4E935 /* news-app */ = {
			isa = PBXNativeTarget;
			buildConfigurationList = 3E7852A82B2B497D00E4E935 /* Build configuration list for PBXNativeTarget "news-app" */;
			buildPhases = (
				3E7852962B2B497C00E4E935 /* Sources */,
				3E7852972B2B497C00E4E935 /* Frameworks */,
				3E7852982B2B497C00E4E935 /* Resources */,
			);
			buildRules = (
			);
			dependencies = (
			);
			name = "news-app";
			productName = "news-app";
			productReference = 3E78529A2B2B497C00E4E935 /* news-app.app */;
			productType = "com.apple.product-type.application";
		};
/* End PBXNativeTarget section */

/* Begin PBXProject section */
		3E7852922B2B497C00E4E935 /* Project object */ = {
			isa = PBXProject;
			attributes = {
				BuildIndependentTargetsInParallel = 1;
				LastSwiftUpdateCheck = 1430;
				LastUpgradeCheck = 1430;
				TargetAttributes = {
					3E7852992B2B497C00E4E935 = {
						CreatedOnToolsVersion = 14.3;
					};
				};
			};
			buildConfigurationList = 3E7852952B2B497C00E4E935 /* Build configuration list for PBXProject "news-app" */;
			compatibilityVersion = "Xcode 14.0";
			developmentRegion = en;
			hasScannedForEncodings = 0;
			knownRegions = (
				en,
				Base,
			);
			mainGroup = 3E7852912B2B497C00E4E935;
			productRefGroup = 3E78529B2B2B497C00E4E935 /* Products */;
			projectDirPath = "";
			projectRoot = "";
			targets = (
				3E7852992B2B497C00E4E935 /* news-app */,
			);
		};
/* End PBXProject section */

/* Begin PBXResourcesBuildPhase section */
		3E7852982B2B497C00E4E935 /* Resources */ = {
			isa = PBXResourcesBuildPhase;
			buildActionMask = 2147483647;
			files = (
				3E7852A52B2B497D00E4E935 /* Preview Assets.xcassets in Resources */,
				3E54D5DF2B300D0E00027155 /* news-header.png in Resources */,
				3E5FBF942B2D8E10003FE4DA /* test-launch-screen.storyboard in Resources */,
				3E7852A22B2B497D00E4E935 /* Assets.xcassets in Resources */,
			);
			runOnlyForDeploymentPostprocessing = 0;
		};
/* End PBXResourcesBuildPhase section */

/* Begin PBXSourcesBuildPhase section */
		3E7852962B2B497C00E4E935 /* Sources */ = {
			isa = PBXSourcesBuildPhase;
			buildActionMask = 2147483647;
			files = (
				3E7852A02B2B497C00E4E935 /* ContentView.swift in Sources */,
				3E7852C62B2D61DE00E4E935 /* NewsTag.swift in Sources */,
				3E54D5ED2B316F5900027155 /* PrimaryButtonComponent.swift in Sources */,
				3E54D6062B333E6100027155 /* Network.swift in Sources */,
				3E5FBF982B2F173B003FE4DA /* UserProfileComponent.swift in Sources */,
				3E7852B72B2B5B2F00E4E935 /* BookmarkView.swift in Sources */,
				3E5FBF9A2B2F19E0003FE4DA /* ProfileListComponent.swift in Sources */,
				3E5FBF9C2B2F1CC2003FE4DA /* NotificationView.swift in Sources */,
				3E7852C42B2CA39500E4E935 /* SwiftUIView.swift in Sources */,
				3E54D5DD2B300C8300027155 /* NewsDetailView.swift in Sources */,
				3E54D5F32B31764200027155 /* NewsViewModel.swift in Sources */,
				3E7852AF2B2B50EC00E4E935 /* HomeView.swift in Sources */,
				3E54D5F92B32A81B00027155 /* SkeletonComponent.swift in Sources */,
				3E7852B12B2B551700E4E935 /* ProfileView.swift in Sources */,
				3E5FBF9E2B2F1CCB003FE4DA /* SignoutView.swift in Sources */,
				3E7852AC2B2B4F3A00E4E935 /* MainView.swift in Sources */,
				3E7852C12B2CA26E00E4E935 /* VerificationView.swift in Sources */,
				3E7852BC2B2C7F5500E4E935 /* NewsBigCard.swift in Sources */,
				3E7852BE2B2C878E00E4E935 /* NewsSmallCard.swift in Sources */,
				3E7852B52B2B5B2700E4E935 /* ExploreView.swift in Sources */,
				3E78529E2B2B497C00E4E935 /* news_appApp.swift in Sources */,
				3E54D5FD2B32BABC00027155 /* DetailPost.swift in Sources */,
				3E5FBF902B2D791A003FE4DA /* OnboardingView.swift in Sources */,
				3E54D5E92B31625800027155 /* InputFieldComponent.swift in Sources */,
				3E5FBFA32B2F1FF1003FE4DA /* LoginView.swift in Sources */,
				3E54D5F02B31747600027155 /* NewsModel.swift in Sources */,
				3E54D5E12B307EAD00027155 /* CustomSearchBar.swift in Sources */,
				3E5FBFA02B2F1EBA003FE4DA /* ChangePasswordView.swift in Sources */,
				3E54D5E42B3161BA00027155 /* SignupView.swift in Sources */,
			);
			runOnlyForDeploymentPostprocessing = 0;
		};
/* End PBXSourcesBuildPhase section */

/* Begin XCBuildConfiguration section */
		3E7852A62B2B497D00E4E935 /* Debug */ = {
			isa = XCBuildConfiguration;
			buildSettings = {
				ALWAYS_SEARCH_USER_PATHS = NO;
				CLANG_ANALYZER_NONNULL = YES;
				CLANG_ANALYZER_NUMBER_OBJECT_CONVERSION = YES_AGGRESSIVE;
				CLANG_CXX_LANGUAGE_STANDARD = "gnu++20";
				CLANG_ENABLE_MODULES = YES;
				CLANG_ENABLE_OBJC_ARC = YES;
				CLANG_ENABLE_OBJC_WEAK = YES;
				CLANG_WARN_BLOCK_CAPTURE_AUTORELEASING = YES;
				CLANG_WARN_BOOL_CONVERSION = YES;
				CLANG_WARN_COMMA = YES;
				CLANG_WARN_CONSTANT_CONVERSION = YES;
				CLANG_WARN_DEPRECATED_OBJC_IMPLEMENTATIONS = YES;
				CLANG_WARN_DIRECT_OBJC_ISA_USAGE = YES_ERROR;
				CLANG_WARN_DOCUMENTATION_COMMENTS = YES;
				CLANG_WARN_EMPTY_BODY = YES;
				CLANG_WARN_ENUM_CONVERSION = YES;
				CLANG_WARN_INFINITE_RECURSION = YES;
				CLANG_WARN_INT_CONVERSION = YES;
				CLANG_WARN_NON_LITERAL_NULL_CONVERSION = YES;
				CLANG_WARN_OBJC_IMPLICIT_RETAIN_SELF = YES;
				CLANG_WARN_OBJC_LITERAL_CONVERSION = YES;
				CLANG_WARN_OBJC_ROOT_CLASS = YES_ERROR;
				CLANG_WARN_QUOTED_INCLUDE_IN_FRAMEWORK_HEADER = YES;
				CLANG_WARN_RANGE_LOOP_ANALYSIS = YES;
				CLANG_WARN_STRICT_PROTOTYPES = YES;
				CLANG_WARN_SUSPICIOUS_MOVE = YES;
				CLANG_WARN_UNGUARDED_AVAILABILITY = YES_AGGRESSIVE;
				CLANG_WARN_UNREACHABLE_CODE = YES;
				CLANG_WARN__DUPLICATE_METHOD_MATCH = YES;
				COPY_PHASE_STRIP = NO;
				DEBUG_INFORMATION_FORMAT = dwarf;
				ENABLE_STRICT_OBJC_MSGSEND = YES;
				ENABLE_TESTABILITY = YES;
				GCC_C_LANGUAGE_STANDARD = gnu11;
				GCC_DYNAMIC_NO_PIC = NO;
				GCC_NO_COMMON_BLOCKS = YES;
				GCC_OPTIMIZATION_LEVEL = 0;
				GCC_PREPROCESSOR_DEFINITIONS = (
					"DEBUG=1",
					"$(inherited)",
				);
				GCC_WARN_64_TO_32_BIT_CONVERSION = YES;
				GCC_WARN_ABOUT_RETURN_TYPE = YES_ERROR;
				GCC_WARN_UNDECLARED_SELECTOR = YES;
				GCC_WARN_UNINITIALIZED_AUTOS = YES_AGGRESSIVE;
				GCC_WARN_UNUSED_FUNCTION = YES;
				GCC_WARN_UNUSED_VARIABLE = YES;
				IPHONEOS_DEPLOYMENT_TARGET = 16.4;
				MTL_ENABLE_DEBUG_INFO = INCLUDE_SOURCE;
				MTL_FAST_MATH = YES;
				ONLY_ACTIVE_ARCH = YES;
				SDKROOT = iphoneos;
				SWIFT_ACTIVE_COMPILATION_CONDITIONS = DEBUG;
				SWIFT_OPTIMIZATION_LEVEL = "-Onone";
			};
			name = Debug;
		};
		3E7852A72B2B497D00E4E935 /* Release */ = {
			isa = XCBuildConfiguration;
			buildSettings = {
				ALWAYS_SEARCH_USER_PATHS = NO;
				CLANG_ANALYZER_NONNULL = YES;
				CLANG_ANALYZER_NUMBER_OBJECT_CONVERSION = YES_AGGRESSIVE;
				CLANG_CXX_LANGUAGE_STANDARD = "gnu++20";
				CLANG_ENABLE_MODULES = YES;
				CLANG_ENABLE_OBJC_ARC = YES;
				CLANG_ENABLE_OBJC_WEAK = YES;
				CLANG_WARN_BLOCK_CAPTURE_AUTORELEASING = YES;
				CLANG_WARN_BOOL_CONVERSION = YES;
				CLANG_WARN_COMMA = YES;
				CLANG_WARN_CONSTANT_CONVERSION = YES;
				CLANG_WARN_DEPRECATED_OBJC_IMPLEMENTATIONS = YES;
				CLANG_WARN_DIRECT_OBJC_ISA_USAGE = YES_ERROR;
				CLANG_WARN_DOCUMENTATION_COMMENTS = YES;
				CLANG_WARN_EMPTY_BODY = YES;
				CLANG_WARN_ENUM_CONVERSION = YES;
				CLANG_WARN_INFINITE_RECURSION = YES;
				CLANG_WARN_INT_CONVERSION = YES;
				CLANG_WARN_NON_LITERAL_NULL_CONVERSION = YES;
				CLANG_WARN_OBJC_IMPLICIT_RETAIN_SELF = YES;
				CLANG_WARN_OBJC_LITERAL_CONVERSION = YES;
				CLANG_WARN_OBJC_ROOT_CLASS = YES_ERROR;
				CLANG_WARN_QUOTED_INCLUDE_IN_FRAMEWORK_HEADER = YES;
				CLANG_WARN_RANGE_LOOP_ANALYSIS = YES;
				CLANG_WARN_STRICT_PROTOTYPES = YES;
				CLANG_WARN_SUSPICIOUS_MOVE = YES;
				CLANG_WARN_UNGUARDED_AVAILABILITY = YES_AGGRESSIVE;
				CLANG_WARN_UNREACHABLE_CODE = YES;
				CLANG_WARN__DUPLICATE_METHOD_MATCH = YES;
				COPY_PHASE_STRIP = NO;
				DEBUG_INFORMATION_FORMAT = "dwarf-with-dsym";
				ENABLE_NS_ASSERTIONS = NO;
				ENABLE_STRICT_OBJC_MSGSEND = YES;
				GCC_C_LANGUAGE_STANDARD = gnu11;
				GCC_NO_COMMON_BLOCKS = YES;
				GCC_WARN_64_TO_32_BIT_CONVERSION = YES;
				GCC_WARN_ABOUT_RETURN_TYPE = YES_ERROR;
				GCC_WARN_UNDECLARED_SELECTOR = YES;
				GCC_WARN_UNINITIALIZED_AUTOS = YES_AGGRESSIVE;
				GCC_WARN_UNUSED_FUNCTION = YES;
				GCC_WARN_UNUSED_VARIABLE = YES;
				IPHONEOS_DEPLOYMENT_TARGET = 16.4;
				MTL_ENABLE_DEBUG_INFO = NO;
				MTL_FAST_MATH = YES;
				SDKROOT = iphoneos;
				SWIFT_COMPILATION_MODE = wholemodule;
				SWIFT_OPTIMIZATION_LEVEL = "-O";
				VALIDATE_PRODUCT = YES;
			};
			name = Release;
		};
		3E7852A92B2B497D00E4E935 /* Debug */ = {
			isa = XCBuildConfiguration;
			buildSettings = {
				ASSETCATALOG_COMPILER_APPICON_NAME = AppIcon;
				ASSETCATALOG_COMPILER_GLOBAL_ACCENT_COLOR_NAME = AccentColor;
				CODE_SIGN_STYLE = Automatic;
				CURRENT_PROJECT_VERSION = 1;
				DEVELOPMENT_ASSET_PATHS = "\"news-app/Preview Content\"";
				DEVELOPMENT_TEAM = KM6L8N2UZF;
				ENABLE_PREVIEWS = YES;
				GENERATE_INFOPLIST_FILE = YES;
				INFOPLIST_KEY_CFBundleDisplayName = Nautium;
				INFOPLIST_KEY_LSApplicationCategoryType = "public.app-category.entertainment";
				INFOPLIST_KEY_UIApplicationSceneManifest_Generation = YES;
				INFOPLIST_KEY_UIApplicationSupportsIndirectInputEvents = YES;
				INFOPLIST_KEY_UILaunchScreen_Generation = YES;
				INFOPLIST_KEY_UILaunchStoryboardName = "test-launch-screen.storyboard";
				INFOPLIST_KEY_UISupportedInterfaceOrientations_iPad = "UIInterfaceOrientationPortrait UIInterfaceOrientationPortraitUpsideDown UIInterfaceOrientationLandscapeLeft UIInterfaceOrientationLandscapeRight";
				INFOPLIST_KEY_UISupportedInterfaceOrientations_iPhone = "UIInterfaceOrientationPortrait UIInterfaceOrientationLandscapeLeft UIInterfaceOrientationLandscapeRight";
				IPHONEOS_DEPLOYMENT_TARGET = 16.4;
				LD_RUNPATH_SEARCH_PATHS = (
					"$(inherited)",
					"@executable_path/Frameworks",
				);
				MARKETING_VERSION = 1.0;
				PRODUCT_BUNDLE_IDENTIFIER = "example.com.news-app";
				PRODUCT_NAME = "$(TARGET_NAME)";
				SUPPORTED_PLATFORMS = "iphoneos iphonesimulator";
				SUPPORTS_MACCATALYST = NO;
				SUPPORTS_MAC_DESIGNED_FOR_IPHONE_IPAD = NO;
				SWIFT_EMIT_LOC_STRINGS = YES;
				SWIFT_VERSION = 5.0;
				TARGETED_DEVICE_FAMILY = 1;
			};
			name = Debug;
		};
		3E7852AA2B2B497D00E4E935 /* Release */ = {
			isa = XCBuildConfiguration;
			buildSettings = {
				ASSETCATALOG_COMPILER_APPICON_NAME = AppIcon;
				ASSETCATALOG_COMPILER_GLOBAL_ACCENT_COLOR_NAME = AccentColor;
				CODE_SIGN_STYLE = Automatic;
				CURRENT_PROJECT_VERSION = 1;
				DEVELOPMENT_ASSET_PATHS = "\"news-app/Preview Content\"";
				DEVELOPMENT_TEAM = KM6L8N2UZF;
				ENABLE_PREVIEWS = YES;
				GENERATE_INFOPLIST_FILE = YES;
				INFOPLIST_KEY_CFBundleDisplayName = Nautium;
				INFOPLIST_KEY_LSApplicationCategoryType = "public.app-category.entertainment";
				INFOPLIST_KEY_UIApplicationSceneManifest_Generation = YES;
				INFOPLIST_KEY_UIApplicationSupportsIndirectInputEvents = YES;
				INFOPLIST_KEY_UILaunchScreen_Generation = YES;
				INFOPLIST_KEY_UILaunchStoryboardName = "test-launch-screen.storyboard";
				INFOPLIST_KEY_UISupportedInterfaceOrientations_iPad = "UIInterfaceOrientationPortrait UIInterfaceOrientationPortraitUpsideDown UIInterfaceOrientationLandscapeLeft UIInterfaceOrientationLandscapeRight";
				INFOPLIST_KEY_UISupportedInterfaceOrientations_iPhone = "UIInterfaceOrientationPortrait UIInterfaceOrientationLandscapeLeft UIInterfaceOrientationLandscapeRight";
				IPHONEOS_DEPLOYMENT_TARGET = 16.4;
				LD_RUNPATH_SEARCH_PATHS = (
					"$(inherited)",
					"@executable_path/Frameworks",
				);
				MARKETING_VERSION = 1.0;
				PRODUCT_BUNDLE_IDENTIFIER = "example.com.news-app";
				PRODUCT_NAME = "$(TARGET_NAME)";
				SUPPORTED_PLATFORMS = "iphoneos iphonesimulator";
				SUPPORTS_MACCATALYST = NO;
				SUPPORTS_MAC_DESIGNED_FOR_IPHONE_IPAD = NO;
				SWIFT_EMIT_LOC_STRINGS = YES;
				SWIFT_VERSION = 5.0;
				TARGETED_DEVICE_FAMILY = 1;
			};
			name = Release;
		};
/* End XCBuildConfiguration section */

/* Begin XCConfigurationList section */
		3E7852952B2B497C00E4E935 /* Build configuration list for PBXProject "news-app" */ = {
			isa = XCConfigurationList;
			buildConfigurations = (
				3E7852A62B2B497D00E4E935 /* Debug */,
				3E7852A72B2B497D00E4E935 /* Release */,
			);
			defaultConfigurationIsVisible = 0;
			defaultConfigurationName = Release;
		};
		3E7852A82B2B497D00E4E935 /* Build configuration list for PBXNativeTarget "news-app" */ = {
			isa = XCConfigurationList;
			buildConfigurations = (
				3E7852A92B2B497D00E4E935 /* Debug */,
				3E7852AA2B2B497D00E4E935 /* Release */,
			);
			defaultConfigurationIsVisible = 0;
			defaultConfigurationName = Release;
		};
/* End XCConfigurationList section */
	};
	rootObject = 3E7852922B2B497C00E4E935 /* Project object */;
}
